// !$*UTF8*$!
{
	archiveVersion = 1;
	classes = {
	};
	objectVersion = 55;
	objects = {

/* Begin PBXBuildFile section */
		ABFF8253283D3B64004F8EFB /* AppDelegate.swift in Sources */ = {isa = PBXBuildFile; fileRef = ABFF8252283D3B64004F8EFB /* AppDelegate.swift */; };
		ABFF8255283D3B64004F8EFB /* SceneDelegate.swift in Sources */ = {isa = PBXBuildFile; fileRef = ABFF8254283D3B64004F8EFB /* SceneDelegate.swift */; };
		ABFF8257283D3B64004F8EFB /* ViewController.swift in Sources */ = {isa = PBXBuildFile; fileRef = ABFF8256283D3B64004F8EFB /* ViewController.swift */; };
		ABFF825A283D3B64004F8EFB /* Main.storyboard in Resources */ = {isa = PBXBuildFile; fileRef = ABFF8258283D3B64004F8EFB /* Main.storyboard */; };
		ABFF825C283D3B66004F8EFB /* Assets.xcassets in Resources */ = {isa = PBXBuildFile; fileRef = ABFF825B283D3B66004F8EFB /* Assets.xcassets */; };
		ABFF825F283D3B66004F8EFB /* LaunchScreen.storyboard in Resources */ = {isa = PBXBuildFile; fileRef = ABFF825D283D3B66004F8EFB /* LaunchScreen.storyboard */; };
		ABFF826A283D3B67004F8EFB /* Personalized_Eco_RoutingTests.swift in Sources */ = {isa = PBXBuildFile; fileRef = ABFF8269283D3B67004F8EFB /* Personalized_Eco_RoutingTests.swift */; };
		ABFF8274283D3B67004F8EFB /* Personalized_Eco_RoutingUITests.swift in Sources */ = {isa = PBXBuildFile; fileRef = ABFF8273283D3B67004F8EFB /* Personalized_Eco_RoutingUITests.swift */; };
		ABFF8276283D3B67004F8EFB /* Personalized_Eco_RoutingUITestsLaunchTests.swift in Sources */ = {isa = PBXBuildFile; fileRef = ABFF8275283D3B67004F8EFB /* Personalized_Eco_RoutingUITestsLaunchTests.swift */; };
		ABFF8284283D3B8F004F8EFB /* MapboxCoreNavigation in Frameworks */ = {isa = PBXBuildFile; productRef = ABFF8283283D3B8F004F8EFB /* MapboxCoreNavigation */; };
		ABFF8286283D3B8F004F8EFB /* MapboxNavigation in Frameworks */ = {isa = PBXBuildFile; productRef = ABFF8285283D3B8F004F8EFB /* MapboxNavigation */; };
/* End PBXBuildFile section */

/* Begin PBXContainerItemProxy section */
		ABFF8266283D3B67004F8EFB /* PBXContainerItemProxy */ = {
			isa = PBXContainerItemProxy;
			containerPortal = ABFF8247283D3B63004F8EFB /* Project object */;
			proxyType = 1;
			remoteGlobalIDString = ABFF824E283D3B64004F8EFB;
			remoteInfo = "Personalized Eco Routing";
		};
		ABFF8270283D3B67004F8EFB /* PBXContainerItemProxy */ = {
			isa = PBXContainerItemProxy;
			containerPortal = ABFF8247283D3B63004F8EFB /* Project object */;
			proxyType = 1;
			remoteGlobalIDString = ABFF824E283D3B64004F8EFB;
			remoteInfo = "Personalized Eco Routing";
		};
/* End PBXContainerItemProxy section */

/* Begin PBXFileReference section */
		ABFF824F283D3B64004F8EFB /* Personalized Eco Routing.app */ = {isa = PBXFileReference; explicitFileType = wrapper.application; includeInIndex = 0; path = "Personalized Eco Routing.app"; sourceTree = BUILT_PRODUCTS_DIR; };
		ABFF8252283D3B64004F8EFB /* AppDelegate.swift */ = {isa = PBXFileReference; lastKnownFileType = sourcecode.swift; path = AppDelegate.swift; sourceTree = "<group>"; };
		ABFF8254283D3B64004F8EFB /* SceneDelegate.swift */ = {isa = PBXFileReference; lastKnownFileType = sourcecode.swift; path = SceneDelegate.swift; sourceTree = "<group>"; };
		ABFF8256283D3B64004F8EFB /* ViewController.swift */ = {isa = PBXFileReference; lastKnownFileType = sourcecode.swift; path = ViewController.swift; sourceTree = "<group>"; };
		ABFF8259283D3B64004F8EFB /* Base */ = {isa = PBXFileReference; lastKnownFileType = file.storyboard; name = Base; path = Base.lproj/Main.storyboard; sourceTree = "<group>"; };
		ABFF825B283D3B66004F8EFB /* Assets.xcassets */ = {isa = PBXFileReference; lastKnownFileType = folder.assetcatalog; path = Assets.xcassets; sourceTree = "<group>"; };
		ABFF825E283D3B66004F8EFB /* Base */ = {isa = PBXFileReference; lastKnownFileType = file.storyboard; name = Base; path = Base.lproj/LaunchScreen.storyboard; sourceTree = "<group>"; };
		ABFF8260283D3B66004F8EFB /* Info.plist */ = {isa = PBXFileReference; lastKnownFileType = text.plist.xml; path = Info.plist; sourceTree = "<group>"; };
		ABFF8265283D3B67004F8EFB /* Personalized Eco RoutingTests.xctest */ = {isa = PBXFileReference; explicitFileType = wrapper.cfbundle; includeInIndex = 0; path = "Personalized Eco RoutingTests.xctest"; sourceTree = BUILT_PRODUCTS_DIR; };
		ABFF8269283D3B67004F8EFB /* Personalized_Eco_RoutingTests.swift */ = {isa = PBXFileReference; lastKnownFileType = sourcecode.swift; path = Personalized_Eco_RoutingTests.swift; sourceTree = "<group>"; };
		ABFF826F283D3B67004F8EFB /* Personalized Eco RoutingUITests.xctest */ = {isa = PBXFileReference; explicitFileType = wrapper.cfbundle; includeInIndex = 0; path = "Personalized Eco RoutingUITests.xctest"; sourceTree = BUILT_PRODUCTS_DIR; };
		ABFF8273283D3B67004F8EFB /* Personalized_Eco_RoutingUITests.swift */ = {isa = PBXFileReference; lastKnownFileType = sourcecode.swift; path = Personalized_Eco_RoutingUITests.swift; sourceTree = "<group>"; };
		ABFF8275283D3B67004F8EFB /* Personalized_Eco_RoutingUITestsLaunchTests.swift */ = {isa = PBXFileReference; lastKnownFileType = sourcecode.swift; path = Personalized_Eco_RoutingUITestsLaunchTests.swift; sourceTree = "<group>"; };
/* End PBXFileReference section */

/* Begin PBXFrameworksBuildPhase section */
		ABFF824C283D3B64004F8EFB /* Frameworks */ = {
			isa = PBXFrameworksBuildPhase;
			buildActionMask = 2147483647;
			files = (
				ABFF8284283D3B8F004F8EFB /* MapboxCoreNavigation in Frameworks */,
				ABFF8286283D3B8F004F8EFB /* MapboxNavigation in Frameworks */,
			);
			runOnlyForDeploymentPostprocessing = 0;
		};
		ABFF8262283D3B67004F8EFB /* Frameworks */ = {
			isa = PBXFrameworksBuildPhase;
			buildActionMask = 2147483647;
			files = (
			);
			runOnlyForDeploymentPostprocessing = 0;
		};
		ABFF826C283D3B67004F8EFB /* Frameworks */ = {
			isa = PBXFrameworksBuildPhase;
			buildActionMask = 2147483647;
			files = (
			);
			runOnlyForDeploymentPostprocessing = 0;
		};
/* End PBXFrameworksBuildPhase section */

/* Begin PBXGroup section */
		ABFF8246283D3B63004F8EFB = {
			isa = PBXGroup;
			children = (
				ABFF8251283D3B64004F8EFB /* Personalized Eco Routing */,
				ABFF8268283D3B67004F8EFB /* Personalized Eco RoutingTests */,
				ABFF8272283D3B67004F8EFB /* Personalized Eco RoutingUITests */,
				ABFF8250283D3B64004F8EFB /* Products */,
			);
			sourceTree = "<group>";
		};
		ABFF8250283D3B64004F8EFB /* Products */ = {
			isa = PBXGroup;
			children = (
				ABFF824F283D3B64004F8EFB /* Personalized Eco Routing.app */,
				ABFF8265283D3B67004F8EFB /* Personalized Eco RoutingTests.xctest */,
				ABFF826F283D3B67004F8EFB /* Personalized Eco RoutingUITests.xctest */,
			);
			name = Products;
			sourceTree = "<group>";
		};
		ABFF8251283D3B64004F8EFB /* Personalized Eco Routing */ = {
			isa = PBXGroup;
			children = (
				ABFF8252283D3B64004F8EFB /* AppDelegate.swift */,
				ABFF8254283D3B64004F8EFB /* SceneDelegate.swift */,
				ABFF8256283D3B64004F8EFB /* ViewController.swift */,
				ABFF8258283D3B64004F8EFB /* Main.storyboard */,
				ABFF825B283D3B66004F8EFB /* Assets.xcassets */,
				ABFF825D283D3B66004F8EFB /* LaunchScreen.storyboard */,
				ABFF8260283D3B66004F8EFB /* Info.plist */,
			);
			path = "Personalized Eco Routing";
			sourceTree = "<group>";
		};
		ABFF8268283D3B67004F8EFB /* Personalized Eco RoutingTests */ = {
			isa = PBXGroup;
			children = (
				ABFF8269283D3B67004F8EFB /* Personalized_Eco_RoutingTests.swift */,
			);
			path = "Personalized Eco RoutingTests";
			sourceTree = "<group>";
		};
		ABFF8272283D3B67004F8EFB /* Personalized Eco RoutingUITests */ = {
			isa = PBXGroup;
			children = (
				ABFF8273283D3B67004F8EFB /* Personalized_Eco_RoutingUITests.swift */,
				ABFF8275283D3B67004F8EFB /* Personalized_Eco_RoutingUITestsLaunchTests.swift */,
			);
			path = "Personalized Eco RoutingUITests";
			sourceTree = "<group>";
		};
/* End PBXGroup section */

/* Begin PBXNativeTarget section */
		ABFF824E283D3B64004F8EFB /* Personalized Eco Routing */ = {
			isa = PBXNativeTarget;
			buildConfigurationList = ABFF8279283D3B67004F8EFB /* Build configuration list for PBXNativeTarget "Personalized Eco Routing" */;
			buildPhases = (
				ABFF824B283D3B64004F8EFB /* Sources */,
				ABFF824C283D3B64004F8EFB /* Frameworks */,
				ABFF824D283D3B64004F8EFB /* Resources */,
			);
			buildRules = (
			);
			dependencies = (
			);
			name = "Personalized Eco Routing";
			packageProductDependencies = (
				ABFF8283283D3B8F004F8EFB /* MapboxCoreNavigation */,
				ABFF8285283D3B8F004F8EFB /* MapboxNavigation */,
			);
			productName = "Personalized Eco Routing";
			productReference = ABFF824F283D3B64004F8EFB /* Personalized Eco Routing.app */;
			productType = "com.apple.product-type.application";
		};
		ABFF8264283D3B67004F8EFB /* Personalized Eco RoutingTests */ = {
			isa = PBXNativeTarget;
			buildConfigurationList = ABFF827C283D3B67004F8EFB /* Build configuration list for PBXNativeTarget "Personalized Eco RoutingTests" */;
			buildPhases = (
				ABFF8261283D3B67004F8EFB /* Sources */,
				ABFF8262283D3B67004F8EFB /* Frameworks */,
				ABFF8263283D3B67004F8EFB /* Resources */,
			);
			buildRules = (
			);
			dependencies = (
				ABFF8267283D3B67004F8EFB /* PBXTargetDependency */,
			);
			name = "Personalized Eco RoutingTests";
			productName = "Personalized Eco RoutingTests";
			productReference = ABFF8265283D3B67004F8EFB /* Personalized Eco RoutingTests.xctest */;
			productType = "com.apple.product-type.bundle.unit-test";
		};
		ABFF826E283D3B67004F8EFB /* Personalized Eco RoutingUITests */ = {
			isa = PBXNativeTarget;
			buildConfigurationList = ABFF827F283D3B67004F8EFB /* Build configuration list for PBXNativeTarget "Personalized Eco RoutingUITests" */;
			buildPhases = (
				ABFF826B283D3B67004F8EFB /* Sources */,
				ABFF826C283D3B67004F8EFB /* Frameworks */,
				ABFF826D283D3B67004F8EFB /* Resources */,
			);
			buildRules = (
			);
			dependencies = (
				ABFF8271283D3B67004F8EFB /* PBXTargetDependency */,
			);
			name = "Personalized Eco RoutingUITests";
			productName = "Personalized Eco RoutingUITests";
			productReference = ABFF826F283D3B67004F8EFB /* Personalized Eco RoutingUITests.xctest */;
			productType = "com.apple.product-type.bundle.ui-testing";
		};
/* End PBXNativeTarget section */

/* Begin PBXProject section */
		ABFF8247283D3B63004F8EFB /* Project object */ = {
			isa = PBXProject;
			attributes = {
				BuildIndependentTargetsInParallel = 1;
				LastSwiftUpdateCheck = 1340;
				LastUpgradeCheck = 1340;
				TargetAttributes = {
					ABFF824E283D3B64004F8EFB = {
						CreatedOnToolsVersion = 13.4;
					};
					ABFF8264283D3B67004F8EFB = {
						CreatedOnToolsVersion = 13.4;
						TestTargetID = ABFF824E283D3B64004F8EFB;
					};
					ABFF826E283D3B67004F8EFB = {
						CreatedOnToolsVersion = 13.4;
						TestTargetID = ABFF824E283D3B64004F8EFB;
					};
				};
			};
			buildConfigurationList = ABFF824A283D3B63004F8EFB /* Build configuration list for PBXProject "Personalized Eco Routing" */;
			compatibilityVersion = "Xcode 13.0";
			developmentRegion = en;
			hasScannedForEncodings = 0;
			knownRegions = (
				en,
				Base,
			);
			mainGroup = ABFF8246283D3B63004F8EFB;
			packageReferences = (
				ABFF8282283D3B8F004F8EFB /* XCRemoteSwiftPackageReference "mapbox-navigation-ios" */,
			);
			productRefGroup = ABFF8250283D3B64004F8EFB /* Products */;
			projectDirPath = "";
			projectRoot = "";
			targets = (
				ABFF824E283D3B64004F8EFB /* Personalized Eco Routing */,
				ABFF8264283D3B67004F8EFB /* Personalized Eco RoutingTests */,
				ABFF826E283D3B67004F8EFB /* Personalized Eco RoutingUITests */,
			);
		};
/* End PBXProject section */

/* Begin PBXResourcesBuildPhase section */
		ABFF824D283D3B64004F8EFB /* Resources */ = {
			isa = PBXResourcesBuildPhase;
			buildActionMask = 2147483647;
			files = (
				ABFF825F283D3B66004F8EFB /* LaunchScreen.storyboard in Resources */,
				ABFF825C283D3B66004F8EFB /* Assets.xcassets in Resources */,
				ABFF825A283D3B64004F8EFB /* Main.storyboard in Resources */,
			);
			runOnlyForDeploymentPostprocessing = 0;
		};
		ABFF8263283D3B67004F8EFB /* Resources */ = {
			isa = PBXResourcesBuildPhase;
			buildActionMask = 2147483647;
			files = (
			);
			runOnlyForDeploymentPostprocessing = 0;
		};
		ABFF826D283D3B67004F8EFB /* Resources */ = {
			isa = PBXResourcesBuildPhase;
			buildActionMask = 2147483647;
			files = (
			);
			runOnlyForDeploymentPostprocessing = 0;
		};
/* End PBXResourcesBuildPhase section */

/* Begin PBXSourcesBuildPhase section */
		ABFF824B283D3B64004F8EFB /* Sources */ = {
			isa = PBXSourcesBuildPhase;
			buildActionMask = 2147483647;
			files = (
				ABFF8257283D3B64004F8EFB /* ViewController.swift in Sources */,
				ABFF8253283D3B64004F8EFB /* AppDelegate.swift in Sources */,
				ABFF8255283D3B64004F8EFB /* SceneDelegate.swift in Sources */,
			);
			runOnlyForDeploymentPostprocessing = 0;
		};
		ABFF8261283D3B67004F8EFB /* Sources */ = {
			isa = PBXSourcesBuildPhase;
			buildActionMask = 2147483647;
			files = (
				ABFF826A283D3B67004F8EFB /* Personalized_Eco_RoutingTests.swift in Sources */,
			);
			runOnlyForDeploymentPostprocessing = 0;
		};
		ABFF826B283D3B67004F8EFB /* Sources */ = {
			isa = PBXSourcesBuildPhase;
			buildActionMask = 2147483647;
			files = (
				ABFF8274283D3B67004F8EFB /* Personalized_Eco_RoutingUITests.swift in Sources */,
				ABFF8276283D3B67004F8EFB /* Personalized_Eco_RoutingUITestsLaunchTests.swift in Sources */,
			);
			runOnlyForDeploymentPostprocessing = 0;
		};
/* End PBXSourcesBuildPhase section */

/* Begin PBXTargetDependency section */
		ABFF8267283D3B67004F8EFB /* PBXTargetDependency */ = {
			isa = PBXTargetDependency;
			target = ABFF824E283D3B64004F8EFB /* Personalized Eco Routing */;
			targetProxy = ABFF8266283D3B67004F8EFB /* PBXContainerItemProxy */;
		};
		ABFF8271283D3B67004F8EFB /* PBXTargetDependency */ = {
			isa = PBXTargetDependency;
			target = ABFF824E283D3B64004F8EFB /* Personalized Eco Routing */;
			targetProxy = ABFF8270283D3B67004F8EFB /* PBXContainerItemProxy */;
		};
/* End PBXTargetDependency section */

/* Begin PBXVariantGroup section */
		ABFF8258283D3B64004F8EFB /* Main.storyboard */ = {
			isa = PBXVariantGroup;
			children = (
				ABFF8259283D3B64004F8EFB /* Base */,
			);
			name = Main.storyboard;
			sourceTree = "<group>";
		};
		ABFF825D283D3B66004F8EFB /* LaunchScreen.storyboard */ = {
			isa = PBXVariantGroup;
			children = (
				ABFF825E283D3B66004F8EFB /* Base */,
			);
			name = LaunchScreen.storyboard;
			sourceTree = "<group>";
		};
/* End PBXVariantGroup section */

/* Begin XCBuildConfiguration section */
		ABFF8277283D3B67004F8EFB /* Debug */ = {
			isa = XCBuildConfiguration;
			buildSettings = {
				ALWAYS_SEARCH_USER_PATHS = NO;
				CLANG_ANALYZER_NONNULL = YES;
				CLANG_ANALYZER_NUMBER_OBJECT_CONVERSION = YES_AGGRESSIVE;
				CLANG_CXX_LANGUAGE_STANDARD = "gnu++17";
				CLANG_ENABLE_MODULES = YES;
				CLANG_ENABLE_OBJC_ARC = YES;
				CLANG_ENABLE_OBJC_WEAK = YES;
				CLANG_WARN_BLOCK_CAPTURE_AUTORELEASING = YES;
				CLANG_WARN_BOOL_CONVERSION = YES;
				CLANG_WARN_COMMA = YES;
				CLANG_WARN_CONSTANT_CONVERSION = YES;
				CLANG_WARN_DEPRECATED_OBJC_IMPLEMENTATIONS = YES;
				CLANG_WARN_DIRECT_OBJC_ISA_USAGE = YES_ERROR;
				CLANG_WARN_DOCUMENTATION_COMMENTS = YES;
				CLANG_WARN_EMPTY_BODY = YES;
				CLANG_WARN_ENUM_CONVERSION = YES;
				CLANG_WARN_INFINITE_RECURSION = YES;
				CLANG_WARN_INT_CONVERSION = YES;
				CLANG_WARN_NON_LITERAL_NULL_CONVERSION = YES;
				CLANG_WARN_OBJC_IMPLICIT_RETAIN_SELF = YES;
				CLANG_WARN_OBJC_LITERAL_CONVERSION = YES;
				CLANG_WARN_OBJC_ROOT_CLASS = YES_ERROR;
				CLANG_WARN_QUOTED_INCLUDE_IN_FRAMEWORK_HEADER = YES;
				CLANG_WARN_RANGE_LOOP_ANALYSIS = YES;
				CLANG_WARN_STRICT_PROTOTYPES = YES;
				CLANG_WARN_SUSPICIOUS_MOVE = YES;
				CLANG_WARN_UNGUARDED_AVAILABILITY = YES_AGGRESSIVE;
				CLANG_WARN_UNREACHABLE_CODE = YES;
				CLANG_WARN__DUPLICATE_METHOD_MATCH = YES;
				COPY_PHASE_STRIP = NO;
				DEBUG_INFORMATION_FORMAT = dwarf;
				ENABLE_STRICT_OBJC_MSGSEND = YES;
				ENABLE_TESTABILITY = YES;
				GCC_C_LANGUAGE_STANDARD = gnu11;
				GCC_DYNAMIC_NO_PIC = NO;
				GCC_NO_COMMON_BLOCKS = YES;
				GCC_OPTIMIZATION_LEVEL = 0;
				GCC_PREPROCESSOR_DEFINITIONS = (
					"DEBUG=1",
					"$(inherited)",
				);
				GCC_WARN_64_TO_32_BIT_CONVERSION = YES;
				GCC_WARN_ABOUT_RETURN_TYPE = YES_ERROR;
				GCC_WARN_UNDECLARED_SELECTOR = YES;
				GCC_WARN_UNINITIALIZED_AUTOS = YES_AGGRESSIVE;
				GCC_WARN_UNUSED_FUNCTION = YES;
				GCC_WARN_UNUSED_VARIABLE = YES;
				IPHONEOS_DEPLOYMENT_TARGET = 15.5;
				MTL_ENABLE_DEBUG_INFO = INCLUDE_SOURCE;
				MTL_FAST_MATH = YES;
				ONLY_ACTIVE_ARCH = YES;
				SDKROOT = iphoneos;
				SWIFT_ACTIVE_COMPILATION_CONDITIONS = DEBUG;
				SWIFT_OPTIMIZATION_LEVEL = "-Onone";
			};
			name = Debug;
		};
		ABFF8278283D3B67004F8EFB /* Release */ = {
			isa = XCBuildConfiguration;
			buildSettings = {
				ALWAYS_SEARCH_USER_PATHS = NO;
				CLANG_ANALYZER_NONNULL = YES;
				CLANG_ANALYZER_NUMBER_OBJECT_CONVERSION = YES_AGGRESSIVE;
				CLANG_CXX_LANGUAGE_STANDARD = "gnu++17";
				CLANG_ENABLE_MODULES = YES;
				CLANG_ENABLE_OBJC_ARC = YES;
				CLANG_ENABLE_OBJC_WEAK = YES;
				CLANG_WARN_BLOCK_CAPTURE_AUTORELEASING = YES;
				CLANG_WARN_BOOL_CONVERSION = YES;
				CLANG_WARN_COMMA = YES;
				CLANG_WARN_CONSTANT_CONVERSION = YES;
				CLANG_WARN_DEPRECATED_OBJC_IMPLEMENTATIONS = YES;
				CLANG_WARN_DIRECT_OBJC_ISA_USAGE = YES_ERROR;
				CLANG_WARN_DOCUMENTATION_COMMENTS = YES;
				CLANG_WARN_EMPTY_BODY = YES;
				CLANG_WARN_ENUM_CONVERSION = YES;
				CLANG_WARN_INFINITE_RECURSION = YES;
				CLANG_WARN_INT_CONVERSION = YES;
				CLANG_WARN_NON_LITERAL_NULL_CONVERSION = YES;
				CLANG_WARN_OBJC_IMPLICIT_RETAIN_SELF = YES;
				CLANG_WARN_OBJC_LITERAL_CONVERSION = YES;
				CLANG_WARN_OBJC_ROOT_CLASS = YES_ERROR;
				CLANG_WARN_QUOTED_INCLUDE_IN_FRAMEWORK_HEADER = YES;
				CLANG_WARN_RANGE_LOOP_ANALYSIS = YES;
				CLANG_WARN_STRICT_PROTOTYPES = YES;
				CLANG_WARN_SUSPICIOUS_MOVE = YES;
				CLANG_WARN_UNGUARDED_AVAILABILITY = YES_AGGRESSIVE;
				CLANG_WARN_UNREACHABLE_CODE = YES;
				CLANG_WARN__DUPLICATE_METHOD_MATCH = YES;
				COPY_PHASE_STRIP = NO;
				DEBUG_INFORMATION_FORMAT = "dwarf-with-dsym";
				ENABLE_NS_ASSERTIONS = NO;
				ENABLE_STRICT_OBJC_MSGSEND = YES;
				GCC_C_LANGUAGE_STANDARD = gnu11;
				GCC_NO_COMMON_BLOCKS = YES;
				GCC_WARN_64_TO_32_BIT_CONVERSION = YES;
				GCC_WARN_ABOUT_RETURN_TYPE = YES_ERROR;
				GCC_WARN_UNDECLARED_SELECTOR = YES;
				GCC_WARN_UNINITIALIZED_AUTOS = YES_AGGRESSIVE;
				GCC_WARN_UNUSED_FUNCTION = YES;
				GCC_WARN_UNUSED_VARIABLE = YES;
				IPHONEOS_DEPLOYMENT_TARGET = 15.5;
				MTL_ENABLE_DEBUG_INFO = NO;
				MTL_FAST_MATH = YES;
				SDKROOT = iphoneos;
				SWIFT_COMPILATION_MODE = wholemodule;
				SWIFT_OPTIMIZATION_LEVEL = "-O";
				VALIDATE_PRODUCT = YES;
			};
			name = Release;
		};
		ABFF827A283D3B67004F8EFB /* Debug */ = {
			isa = XCBuildConfiguration;
			buildSettings = {
				ASSETCATALOG_COMPILER_APPICON_NAME = AppIcon;
				ASSETCATALOG_COMPILER_GLOBAL_ACCENT_COLOR_NAME = AccentColor;
				CODE_SIGN_STYLE = Automatic;
				CURRENT_PROJECT_VERSION = 1;
				GENERATE_INFOPLIST_FILE = YES;
				INFOPLIST_FILE = "Personalized Eco Routing/Info.plist";
				INFOPLIST_KEY_CFBundleDisplayName = "";
				INFOPLIST_KEY_LSApplicationCategoryType = "";
				INFOPLIST_KEY_NSLocationWhenInUseUsageDescription = "Your precise location is used to calculate turn-by-turn directions, show your location on the map, and help improve the map.";
				INFOPLIST_KEY_UIApplicationSupportsIndirectInputEvents = YES;
				INFOPLIST_KEY_UILaunchStoryboardName = LaunchScreen;
				INFOPLIST_KEY_UIMainStoryboardFile = Main;
				INFOPLIST_KEY_UISupportedInterfaceOrientations_iPad = "UIInterfaceOrientationPortrait UIInterfaceOrientationPortraitUpsideDown UIInterfaceOrientationLandscapeLeft UIInterfaceOrientationLandscapeRight";
				INFOPLIST_KEY_UISupportedInterfaceOrientations_iPhone = "UIInterfaceOrientationPortrait UIInterfaceOrientationLandscapeLeft UIInterfaceOrientationLandscapeRight";
				LD_RUNPATH_SEARCH_PATHS = (
					"$(inherited)",
					"@executable_path/Frameworks",
				);
				MARKETING_VERSION = 1.0;
				PRODUCT_BUNDLE_IDENTIFIER = "vidur2.Personalized-Eco-Routing";
				PRODUCT_NAME = "$(TARGET_NAME)";
				SWIFT_EMIT_LOC_STRINGS = YES;
				SWIFT_VERSION = 5.0;
				TARGETED_DEVICE_FAMILY = "1,2";
			};
			name = Debug;
		};
		ABFF827B283D3B67004F8EFB /* Release */ = {
			isa = XCBuildConfiguration;
			buildSettings = {
				ASSETCATALOG_COMPILER_APPICON_NAME = AppIcon;
				ASSETCATALOG_COMPILER_GLOBAL_ACCENT_COLOR_NAME = AccentColor;
				CODE_SIGN_STYLE = Automatic;
				CURRENT_PROJECT_VERSION = 1;
				GENERATE_INFOPLIST_FILE = YES;
				INFOPLIST_FILE = "Personalized Eco Routing/Info.plist";
				INFOPLIST_KEY_CFBundleDisplayName = "";
				INFOPLIST_KEY_LSApplicationCategoryType = "";
				INFOPLIST_KEY_NSLocationWhenInUseUsageDescription = "Your precise location is used to calculate turn-by-turn directions, show your location on the map, and help improve the map.";
				INFOPLIST_KEY_UIApplicationSupportsIndirectInputEvents = YES;
				INFOPLIST_KEY_UILaunchStoryboardName = LaunchScreen;
				INFOPLIST_KEY_UIMainStoryboardFile = Main;
				INFOPLIST_KEY_UISupportedInterfaceOrientations_iPad = "UIInterfaceOrientationPortrait UIInterfaceOrientationPortraitUpsideDown UIInterfaceOrientationLandscapeLeft UIInterfaceOrientationLandscapeRight";
				INFOPLIST_KEY_UISupportedInterfaceOrientations_iPhone = "UIInterfaceOrientationPortrait UIInterfaceOrientationLandscapeLeft UIInterfaceOrientationLandscapeRight";
				LD_RUNPATH_SEARCH_PATHS = (
					"$(inherited)",
					"@executable_path/Frameworks",
				);
				MARKETING_VERSION = 1.0;
				PRODUCT_BUNDLE_IDENTIFIER = "vidur2.Personalized-Eco-Routing";
				PRODUCT_NAME = "$(TARGET_NAME)";
				SWIFT_EMIT_LOC_STRINGS = YES;
				SWIFT_VERSION = 5.0;
				TARGETED_DEVICE_FAMILY = "1,2";
			};
			name = Release;
		};
		ABFF827D283D3B67004F8EFB /* Debug */ = {
			isa = XCBuildConfiguration;
			buildSettings = {
				ALWAYS_EMBED_SWIFT_STANDARD_LIBRARIES = YES;
				BUNDLE_LOADER = "$(TEST_HOST)";
				CODE_SIGN_STYLE = Automatic;
				CURRENT_PROJECT_VERSION = 1;
				GENERATE_INFOPLIST_FILE = YES;
				IPHONEOS_DEPLOYMENT_TARGET = 15.5;
				MARKETING_VERSION = 1.0;
				PRODUCT_BUNDLE_IDENTIFIER = "vidur2.Personalized-Eco-RoutingTests";
				PRODUCT_NAME = "$(TARGET_NAME)";
				SWIFT_EMIT_LOC_STRINGS = NO;
				SWIFT_VERSION = 5.0;
				TARGETED_DEVICE_FAMILY = "1,2";
				TEST_HOST = "$(BUILT_PRODUCTS_DIR)/Personalized Eco Routing.app/Personalized Eco Routing";
			};
			name = Debug;
		};
		ABFF827E283D3B67004F8EFB /* Release */ = {
			isa = XCBuildConfiguration;
			buildSettings = {
				ALWAYS_EMBED_SWIFT_STANDARD_LIBRARIES = YES;
				BUNDLE_LOADER = "$(TEST_HOST)";
				CODE_SIGN_STYLE = Automatic;
				CURRENT_PROJECT_VERSION = 1;
				GENERATE_INFOPLIST_FILE = YES;
				IPHONEOS_DEPLOYMENT_TARGET = 15.5;
				MARKETING_VERSION = 1.0;
				PRODUCT_BUNDLE_IDENTIFIER = "vidur2.Personalized-Eco-RoutingTests";
				PRODUCT_NAME = "$(TARGET_NAME)";
				SWIFT_EMIT_LOC_STRINGS = NO;
				SWIFT_VERSION = 5.0;
				TARGETED_DEVICE_FAMILY = "1,2";
				TEST_HOST = "$(BUILT_PRODUCTS_DIR)/Personalized Eco Routing.app/Personalized Eco Routing";
			};
			name = Release;
		};
		ABFF8280283D3B67004F8EFB /* Debug */ = {
			isa = XCBuildConfiguration;
			buildSettings = {
				ALWAYS_EMBED_SWIFT_STANDARD_LIBRARIES = YES;
				CODE_SIGN_STYLE = Automatic;
				CURRENT_PROJECT_VERSION = 1;
				GENERATE_INFOPLIST_FILE = YES;
				MARKETING_VERSION = 1.0;
				PRODUCT_BUNDLE_IDENTIFIER = "vidur2.Personalized-Eco-RoutingUITests";
				PRODUCT_NAME = "$(TARGET_NAME)";
				SWIFT_EMIT_LOC_STRINGS = NO;
				SWIFT_VERSION = 5.0;
				TARGETED_DEVICE_FAMILY = "1,2";
				TEST_TARGET_NAME = "Personalized Eco Routing";
			};
			name = Debug;
		};
		ABFF8281283D3B67004F8EFB /* Release */ = {
			isa = XCBuildConfiguration;
			buildSettings = {
				ALWAYS_EMBED_SWIFT_STANDARD_LIBRARIES = YES;
				CODE_SIGN_STYLE = Automatic;
				CURRENT_PROJECT_VERSION = 1;
				GENERATE_INFOPLIST_FILE = YES;
				MARKETING_VERSION = 1.0;
				PRODUCT_BUNDLE_IDENTIFIER = "vidur2.Personalized-Eco-RoutingUITests";
				PRODUCT_NAME = "$(TARGET_NAME)";
				SWIFT_EMIT_LOC_STRINGS = NO;
				SWIFT_VERSION = 5.0;
				TARGETED_DEVICE_FAMILY = "1,2";
				TEST_TARGET_NAME = "Personalized Eco Routing";
			};
			name = Release;
		};
/* End XCBuildConfiguration section */

/* Begin XCConfigurationList section */
		ABFF824A283D3B63004F8EFB /* Build configuration list for PBXProject "Personalized Eco Routing" */ = {
			isa = XCConfigurationList;
			buildConfigurations = (
				ABFF8277283D3B67004F8EFB /* Debug */,
				ABFF8278283D3B67004F8EFB /* Release */,
			);
			defaultConfigurationIsVisible = 0;
			defaultConfigurationName = Release;
		};
		ABFF8279283D3B67004F8EFB /* Build configuration list for PBXNativeTarget "Personalized Eco Routing" */ = {
			isa = XCConfigurationList;
			buildConfigurations = (
				ABFF827A283D3B67004F8EFB /* Debug */,
				ABFF827B283D3B67004F8EFB /* Release */,
			);
			defaultConfigurationIsVisible = 0;
			defaultConfigurationName = Release;
		};
		ABFF827C283D3B67004F8EFB /* Build configuration list for PBXNativeTarget "Personalized Eco RoutingTests" */ = {
			isa = XCConfigurationList;
			buildConfigurations = (
				ABFF827D283D3B67004F8EFB /* Debug */,
				ABFF827E283D3B67004F8EFB /* Release */,
			);
			defaultConfigurationIsVisible = 0;
			defaultConfigurationName = Release;
		};
		ABFF827F283D3B67004F8EFB /* Build configuration list for PBXNativeTarget "Personalized Eco RoutingUITests" */ = {
			isa = XCConfigurationList;
			buildConfigurations = (
				ABFF8280283D3B67004F8EFB /* Debug */,
				ABFF8281283D3B67004F8EFB /* Release */,
			);
			defaultConfigurationIsVisible = 0;
			defaultConfigurationName = Release;
		};
/* End XCConfigurationList section */

/* Begin XCRemoteSwiftPackageReference section */
		ABFF8282283D3B8F004F8EFB /* XCRemoteSwiftPackageReference "mapbox-navigation-ios" */ = {
			isa = XCRemoteSwiftPackageReference;
			repositoryURL = "https://github.com/mapbox/mapbox-navigation-ios.git";
			requirement = {
				branch = main;
				kind = branch;
			};
		};
/* End XCRemoteSwiftPackageReference section */

/* Begin XCSwiftPackageProductDependency section */
		ABFF8283283D3B8F004F8EFB /* MapboxCoreNavigation */ = {
			isa = XCSwiftPackageProductDependency;
			package = ABFF8282283D3B8F004F8EFB /* XCRemoteSwiftPackageReference "mapbox-navigation-ios" */;
			productName = MapboxCoreNavigation;
		};
		ABFF8285283D3B8F004F8EFB /* MapboxNavigation */ = {
			isa = XCSwiftPackageProductDependency;
			package = ABFF8282283D3B8F004F8EFB /* XCRemoteSwiftPackageReference "mapbox-navigation-ios" */;
			productName = MapboxNavigation;
		};
/* End XCSwiftPackageProductDependency section */
	};
	rootObject = ABFF8247283D3B63004F8EFB /* Project object */;
}
